
Microsoft Visual Studio Solution File, Format Version 12.00
# Visual Studio Version 16
VisualStudioVersion = 16.0.35026.282
MinimumVisualStudioVersion = 10.0.40219.1
Project("{FAE04EC0-301F-11D3-BF4B-00C04F79EFBC}") = "ProcessSimulateSnippets", "ProcessSimulateSnippets.csproj", "{9B8F0486-9989-4D40-9509-9221DD620C2E}"
EndProject
Project("{888888A0-9F3D-457C-B088-3A5042F75D52}") = "SocketPythonSIde", "..\SocketPythonSIde\SocketPythonSIde.pyproj", "{C1CD2237-B9A2-47B4-B2AA-95331302984E}"
EndProject
Global
	GlobalSection(SolutionConfigurationPlatforms) = preSolution
		Debug|Any CPU = Debug|Any CPU
		Release|Any CPU = Release|Any CPU
	EndGlobalSection
	GlobalSection(ProjectConfigurationPlatforms) = postSolution
		{9B8F0486-9989-4D40-9509-9221DD620C2E}.Debug|Any CPU.ActiveCfg = Debug|Any CPU
		{9B8F0486-9989-4D40-9509-9221DD620C2E}.Debug|Any CPU.Build.0 = Debug|Any CPU
		{9B8F0486-9989-4D40-9509-9221DD620C2E}.Release|Any CPU.ActiveCfg = Release|Any CPU
		{9B8F0486-9989-4D40-9509-9221DD620C2E}.Release|Any CPU.Build.0 = Release|Any CPU
		{C1CD2237-B9A2-47B4-B2AA-95331302984E}.Debug|Any CPU.ActiveCfg = Debug|Any CPU
		{C1CD2237-B9A2-47B4-B2AA-95331302984E}.Release|Any CPU.ActiveCfg = Release|Any CPU
	EndGlobalSection
	GlobalSection(SolutionProperties) = preSolution
		HideSolutionNode = FALSE
	EndGlobalSection
	GlobalSection(ExtensibilityGlobals) = postSolution
		SolutionGuid = {A8A4A155-219E-4D2C-8A38-964DD33A9C4E}
	EndGlobalSection
EndGlobal
